{
  "name": "pendo-library",
  "version": "1.0.27",
  "lockfileVersion": 2,
  "requires": true,
  "packages": {
    "": {
      "name": "pendo-library",
      "version": "1.0.27",
      "license": "ISC",
      "dependencies": {
        "pendo-library": "^1.0.0"
      }
    },
    "node_modules/pendo-library": {
      "version": "1.0.25",
      "resolved": "https://registry.npmjs.org/pendo-library/-/pendo-library-1.0.25.tgz",
      "integrity": "sha512-aFRtAsgESQBNm76V77CiuZcLPo67jlue8ak8yib8aRLdT5GGy7uqo8LgUh58xdVY+cs84qEFNL1u9qnp35UF9Q==",
      "dependencies": {
        "pendo-library": "^1.0.0"
      }
    }
  },
  "dependencies": {
    "pendo-library": {
      "version": "1.0.25",
      "resolved": "https://registry.npmjs.org/pendo-library/-/pendo-library-1.0.25.tgz",
      "integrity": "sha512-aFRtAsgESQBNm76V77CiuZcLPo67jlue8ak8yib8aRLdT5GGy7uqo8LgUh58xdVY+cs84qEFNL1u9qnp35UF9Q==",
      "requires": {
        "pendo-library": "^1.0.0"
      }
    }
  }
}
