{
  "name": "pendo-library",
  "version": "1.0.26",
  "lockfileVersion": 2,
  "requires": true,
  "packages": {
    "": {
      "name": "pendo-library",
      "version": "1.0.26",
      "license": "ISC",
      "dependencies": {
        "dotenv": "^16.0.3",
        "pendo-library": "^1.0.0"
      }
    },
    "node_modules/dotenv": {
      "version": "16.0.3",
      "resolved": "https://registry.npmjs.org/dotenv/-/dotenv-16.0.3.tgz",
      "integrity": "sha512-7GO6HghkA5fYG9TYnNxi14/7K9f5occMlp3zXAuSxn7CKCxt9xbNWG7yF8hTCSUchlfWSe3uLmlPfigevRItzQ==",
      "engines": {
        "node": ">=12"
      }
    },
    "node_modules/pendo-library": {
      "version": "1.0.25",
      "resolved": "https://registry.npmjs.org/pendo-library/-/pendo-library-1.0.25.tgz",
      "integrity": "sha512-aFRtAsgESQBNm76V77CiuZcLPo67jlue8ak8yib8aRLdT5GGy7uqo8LgUh58xdVY+cs84qEFNL1u9qnp35UF9Q==",
      "dependencies": {
        "pendo-library": "^1.0.0"
      }
    }
  },
  "dependencies": {
    "dotenv": {
      "version": "16.0.3",
      "resolved": "https://registry.npmjs.org/dotenv/-/dotenv-16.0.3.tgz",
      "integrity": "sha512-7GO6HghkA5fYG9TYnNxi14/7K9f5occMlp3zXAuSxn7CKCxt9xbNWG7yF8hTCSUchlfWSe3uLmlPfigevRItzQ=="
    },
    "pendo-library": {
      "version": "1.0.25",
      "resolved": "https://registry.npmjs.org/pendo-library/-/pendo-library-1.0.25.tgz",
      "integrity": "sha512-aFRtAsgESQBNm76V77CiuZcLPo67jlue8ak8yib8aRLdT5GGy7uqo8LgUh58xdVY+cs84qEFNL1u9qnp35UF9Q==",
      "requires": {
        "pendo-library": "^1.0.0"
      }
    }
  }
}
